
Microsoft Visual Studio Solution File, Format Version 12.00
# Visual Studio 14
VisualStudioVersion = 14.0.25420.1
MinimumVisualStudioVersion = 10.0.40219.1
Project("{FAE04EC0-301F-11D3-BF4B-00C04F79EFBC}") = "DemoQLNhanVien(BTL)", "DemoQLNhanVien(BTL).csproj", "{B7FA6B7F-9466-4836-84A0-606C53D8C509}"
EndProject
<<<<<<< HEAD
Project("{FAE04EC0-301F-11D3-BF4B-00C04F79EFBC}") = "UnitTestProject1", "..\UnitTestProject1\UnitTestProject1.csproj", "{865EF54B-7BF8-468D-A633-3B0B810E67BF}"
=======
<<<<<<< HEAD
Project("{FAE04EC0-301F-11D3-BF4B-00C04F79EFBC}") = "Test", "Test\Test.csproj", "{0A995575-001B-4633-A1FA-CC28F8529CD0}"
=======
Project("{FAE04EC0-301F-11D3-BF4B-00C04F79EFBC}") = "Test", "..\Test\Test.csproj", "{2CF196D3-2FC3-4481-AE6A-2E316707680D}"
>>>>>>> 08c0d643124baf16838fb8082f2b3a5907edd97c
>>>>>>> 95d13f6764b1be0b6680316cc5c8c34ab3be42f1
EndProject
Global
	GlobalSection(SolutionConfigurationPlatforms) = preSolution
		Debug|Any CPU = Debug|Any CPU
		Release|Any CPU = Release|Any CPU
	EndGlobalSection
	GlobalSection(ProjectConfigurationPlatforms) = postSolution
		{B7FA6B7F-9466-4836-84A0-606C53D8C509}.Debug|Any CPU.ActiveCfg = Debug|Any CPU
		{B7FA6B7F-9466-4836-84A0-606C53D8C509}.Debug|Any CPU.Build.0 = Debug|Any CPU
		{B7FA6B7F-9466-4836-84A0-606C53D8C509}.Release|Any CPU.ActiveCfg = Release|Any CPU
		{B7FA6B7F-9466-4836-84A0-606C53D8C509}.Release|Any CPU.Build.0 = Release|Any CPU
<<<<<<< HEAD
		{865EF54B-7BF8-468D-A633-3B0B810E67BF}.Debug|Any CPU.ActiveCfg = Debug|Any CPU
		{865EF54B-7BF8-468D-A633-3B0B810E67BF}.Debug|Any CPU.Build.0 = Debug|Any CPU
		{865EF54B-7BF8-468D-A633-3B0B810E67BF}.Release|Any CPU.ActiveCfg = Release|Any CPU
		{865EF54B-7BF8-468D-A633-3B0B810E67BF}.Release|Any CPU.Build.0 = Release|Any CPU
=======
<<<<<<< HEAD
		{0A995575-001B-4633-A1FA-CC28F8529CD0}.Debug|Any CPU.ActiveCfg = Debug|Any CPU
		{0A995575-001B-4633-A1FA-CC28F8529CD0}.Debug|Any CPU.Build.0 = Debug|Any CPU
		{0A995575-001B-4633-A1FA-CC28F8529CD0}.Release|Any CPU.ActiveCfg = Release|Any CPU
		{0A995575-001B-4633-A1FA-CC28F8529CD0}.Release|Any CPU.Build.0 = Release|Any CPU
=======
		{2CF196D3-2FC3-4481-AE6A-2E316707680D}.Debug|Any CPU.ActiveCfg = Debug|Any CPU
		{2CF196D3-2FC3-4481-AE6A-2E316707680D}.Debug|Any CPU.Build.0 = Debug|Any CPU
		{2CF196D3-2FC3-4481-AE6A-2E316707680D}.Release|Any CPU.ActiveCfg = Release|Any CPU
		{2CF196D3-2FC3-4481-AE6A-2E316707680D}.Release|Any CPU.Build.0 = Release|Any CPU
>>>>>>> 08c0d643124baf16838fb8082f2b3a5907edd97c
>>>>>>> 95d13f6764b1be0b6680316cc5c8c34ab3be42f1
	EndGlobalSection
	GlobalSection(SolutionProperties) = preSolution
		HideSolutionNode = FALSE
	EndGlobalSection
EndGlobal
